
Microsoft Visual Studio Solution File, Format Version 12.00
# Visual Studio Version 16
VisualStudioVersion = 16.0.29911.84
MinimumVisualStudioVersion = 10.0.40219.1
Project("{FAE04EC0-301F-11D3-BF4B-00C04F79EFBC}") = "Xadrez", "Xadrez\Xadrez.csproj", "{9465CE5D-89F5-4343-A3B4-1C9B8E26A2C1}"
EndProject
Global
	GlobalSection(SolutionConfigurationPlatforms) = preSolution
		Debug|Any CPU = Debug|Any CPU
		Release|Any CPU = Release|Any CPU
	EndGlobalSection
	GlobalSection(ProjectConfigurationPlatforms) = postSolution
		{9465CE5D-89F5-4343-A3B4-1C9B8E26A2C1}.Debug|Any CPU.ActiveCfg = Debug|Any CPU
		{9465CE5D-89F5-4343-A3B4-1C9B8E26A2C1}.Debug|Any CPU.Build.0 = Debug|Any CPU
		{9465CE5D-89F5-4343-A3B4-1C9B8E26A2C1}.Release|Any CPU.ActiveCfg = Release|Any CPU
		{9465CE5D-89F5-4343-A3B4-1C9B8E26A2C1}.Release|Any CPU.Build.0 = Release|Any CPU
	EndGlobalSection
	GlobalSection(SolutionProperties) = preSolution
		HideSolutionNode = FALSE
	EndGlobalSection
	GlobalSection(ExtensibilityGlobals) = postSolution
		SolutionGuid = {7A5D23B1-AEFE-48EA-ABFA-893F066B38B3}
	EndGlobalSection
EndGlobal
